
Microsoft Visual Studio Solution File, Format Version 12.00
# Visual Studio Version 17
VisualStudioVersion = 17.13.35828.75 d17.13
MinimumVisualStudioVersion = 10.0.40219.1
Project("{FAE04EC0-301F-11D3-BF4B-00C04F79EFBC}") = "XOX_Oyunu", "XOX_Oyunu\XOX_Oyunu.csproj", "{66D5A83D-EA68-4705-9098-36CA63C82796}"
EndProject
Global
	GlobalSection(SolutionConfigurationPlatforms) = preSolution
		Debug|Any CPU = Debug|Any CPU
		Release|Any CPU = Release|Any CPU
	EndGlobalSection
	GlobalSection(ProjectConfigurationPlatforms) = postSolution
		{66D5A83D-EA68-4705-9098-36CA63C82796}.Debug|Any CPU.ActiveCfg = Debug|Any CPU
		{66D5A83D-EA68-4705-9098-36CA63C82796}.Debug|Any CPU.Build.0 = Debug|Any CPU
		{66D5A83D-EA68-4705-9098-36CA63C82796}.Release|Any CPU.ActiveCfg = Release|Any CPU
		{66D5A83D-EA68-4705-9098-36CA63C82796}.Release|Any CPU.Build.0 = Release|Any CPU
	EndGlobalSection
	GlobalSection(SolutionProperties) = preSolution
		HideSolutionNode = FALSE
	EndGlobalSection
	GlobalSection(ExtensibilityGlobals) = postSolution
		SolutionGuid = {1A443649-CB5E-4B44-ADA0-9B0871404CAB}
	EndGlobalSection
EndGlobal
